{
  "name": "ssr-cxt",
  "version": "1.2.3",
  "lockfileVersion": 1,
  "requires": true,
  "dependencies": {
    "@types/chai": {
      "version": "4.2.14",
      "resolved": "https://registry.npmjs.org/@types/chai/-/chai-4.2.14.tgz",
      "integrity": "sha512-G+ITQPXkwTrslfG5L/BksmbLUA0M1iybEsmCWPqzSxsRRhJZimBKJkoMi8fr/CPygPTj4zO5pJH7I2/cm9M7SQ==",
      "dev": true
    },
    "flat-cached": {
      "version": "1.0.1",
      "resolved": "https://registry.npmjs.org/flat-cached/-/flat-cached-1.0.1.tgz",
      "integrity": "sha512-EaYWG3sXMwJiAhlFKgjvunL4zJKSR9EfMr+/0omn5My8cvu9l92pnQ/WvCDEaIqWNmGrNSmYb7/gtMagxYA2iA=="
    },
    "grep-transform": {
      "version": "1.2.0",
      "resolved": "https://registry.npmjs.org/grep-transform/-/grep-transform-1.2.0.tgz",
      "integrity": "sha512-dTWd80BuVkteQNz0j+ozpCVbQQ6kQ+Mft3vxPi1Z0nmnH9Pni+pIsKdRBaEtI1+fzCZ0OOmVVZlY5LT+boc2ig=="
    }
  }
}
